// !$*UTF8*$!
{
	archiveVersion = 1;
	classes = {
	};
	objectVersion = 56;
	objects = {

/* Begin PBXBuildFile section */
		84214F342C80174400DCEDBD /* journalAppApp.swift in Sources */ = {isa = PBXBuildFile; fileRef = 84214F332C80174400DCEDBD /* journalAppApp.swift */; };
		84214F362C80174400DCEDBD /* ContentView.swift in Sources */ = {isa = PBXBuildFile; fileRef = 84214F352C80174400DCEDBD /* ContentView.swift */; };
		84214F382C80174500DCEDBD /* Assets.xcassets in Resources */ = {isa = PBXBuildFile; fileRef = 84214F372C80174500DCEDBD /* Assets.xcassets */; };
		84214F3B2C80174500DCEDBD /* Preview Assets.xcassets in Resources */ = {isa = PBXBuildFile; fileRef = 84214F3A2C80174500DCEDBD /* Preview Assets.xcassets */; };
		84214F3D2C80174500DCEDBD /* Persistence.swift in Sources */ = {isa = PBXBuildFile; fileRef = 84214F3C2C80174500DCEDBD /* Persistence.swift */; };
		84214F402C80174500DCEDBD /* journalApp.xcdatamodeld in Sources */ = {isa = PBXBuildFile; fileRef = 84214F3E2C80174500DCEDBD /* journalApp.xcdatamodeld */; };
		84214F4A2C80174500DCEDBD /* journalAppTests.swift in Sources */ = {isa = PBXBuildFile; fileRef = 84214F492C80174500DCEDBD /* journalAppTests.swift */; };
		84214F542C80174500DCEDBD /* journalAppUITests.swift in Sources */ = {isa = PBXBuildFile; fileRef = 84214F532C80174500DCEDBD /* journalAppUITests.swift */; };
		84214F562C80174500DCEDBD /* journalAppUITestsLaunchTests.swift in Sources */ = {isa = PBXBuildFile; fileRef = 84214F552C80174500DCEDBD /* journalAppUITestsLaunchTests.swift */; };
		84298F1B2C820DB800C5CEF9 /* AnalyticsManagerProtocol.swift in Sources */ = {isa = PBXBuildFile; fileRef = 84298F132C820DB800C5CEF9 /* AnalyticsManagerProtocol.swift */; };
		84298F1C2C820DB800C5CEF9 /* AuthenticationManagerProtocol.swift in Sources */ = {isa = PBXBuildFile; fileRef = 84298F142C820DB800C5CEF9 /* AuthenticationManagerProtocol.swift */; };
		84298F1D2C820DB800C5CEF9 /* BackupManagerProtocol.swift in Sources */ = {isa = PBXBuildFile; fileRef = 84298F152C820DB800C5CEF9 /* BackupManagerProtocol.swift */; };
		84298F1E2C820DB800C5CEF9 /* JournalManagerProtocol.swift in Sources */ = {isa = PBXBuildFile; fileRef = 84298F162C820DB800C5CEF9 /* JournalManagerProtocol.swift */; };
		84298F1F2C820DB800C5CEF9 /* KeychainManagerProtocol.swift in Sources */ = {isa = PBXBuildFile; fileRef = 84298F172C820DB800C5CEF9 /* KeychainManagerProtocol.swift */; };
		84298F202C820DB800C5CEF9 /* MoodTrackingManagerProtocol.swift in Sources */ = {isa = PBXBuildFile; fileRef = 84298F182C820DB800C5CEF9 /* MoodTrackingManagerProtocol.swift */; };
		84298F212C820DB800C5CEF9 /* SecurityManagerProtocol.swift in Sources */ = {isa = PBXBuildFile; fileRef = 84298F192C820DB800C5CEF9 /* SecurityManagerProtocol.swift */; };
		84298F272C820DE100C5CEF9 /* AuthenticationManager.swift in Sources */ = {isa = PBXBuildFile; fileRef = 84298F222C820DE100C5CEF9 /* AuthenticationManager.swift */; };
		84298F282C820DE100C5CEF9 /* JournalManager.swift in Sources */ = {isa = PBXBuildFile; fileRef = 84298F232C820DE100C5CEF9 /* JournalManager.swift */; };
		84298F292C820DE100C5CEF9 /* KeychainManager.swift in Sources */ = {isa = PBXBuildFile; fileRef = 84298F242C820DE100C5CEF9 /* KeychainManager.swift */; };
		84298F2A2C820DE100C5CEF9 /* SecurityManager.swift in Sources */ = {isa = PBXBuildFile; fileRef = 84298F252C820DE100C5CEF9 /* SecurityManager.swift */; };
		84298F2D2C820E0400C5CEF9 /* DIContainer.swift in Sources */ = {isa = PBXBuildFile; fileRef = 84298F2B2C820E0400C5CEF9 /* DIContainer.swift */; };
		84298F352C8211C700C5CEF9 /* JournalEntryViewModel.swift in Sources */ = {isa = PBXBuildFile; fileRef = 84298F342C8211C700C5CEF9 /* JournalEntryViewModel.swift */; };
		84298F382C8212ED00C5CEF9 /* JournalEntryViewController.swift in Sources */ = {isa = PBXBuildFile; fileRef = 84298F372C8212ED00C5CEF9 /* JournalEntryViewController.swift */; };
		84298F3A2C8222FB00C5CEF9 /* AnalyticsManager.swift in Sources */ = {isa = PBXBuildFile; fileRef = 84298F392C8222FB00C5CEF9 /* AnalyticsManager.swift */; };
		84298F3C2C8223B300C5CEF9 /* BackupManager.swift in Sources */ = {isa = PBXBuildFile; fileRef = 84298F3B2C8223B300C5CEF9 /* BackupManager.swift */; };
		84298F3E2C82264000C5CEF9 /* MoodTrackingManager.swift in Sources */ = {isa = PBXBuildFile; fileRef = 84298F3D2C82264000C5CEF9 /* MoodTrackingManager.swift */; };
		84298F402C8237BA00C5CEF9 /* EncryptionKeyProviderProtocol.swift in Sources */ = {isa = PBXBuildFile; fileRef = 84298F3F2C8237BA00C5CEF9 /* EncryptionKeyProviderProtocol.swift */; };
		84298F422C82380F00C5CEF9 /* EncryptionKeyProvider.swift in Sources */ = {isa = PBXBuildFile; fileRef = 84298F412C82380F00C5CEF9 /* EncryptionKeyProvider.swift */; };
		8484DAE92C890D9E0010E637 /* MetadataKeyRegistry_old.swift in Sources */ = {isa = PBXBuildFile; fileRef = 8484DAE82C890D9E0010E637 /* MetadataKeyRegistry_old.swift */; };
		8484DAEB2C890DAA0010E637 /* MetadataValidator_old.swift in Sources */ = {isa = PBXBuildFile; fileRef = 8484DAEA2C890DAA0010E637 /* MetadataValidator_old.swift */; };
		8484DAED2C890DDC0010E637 /* ValidationError.swift in Sources */ = {isa = PBXBuildFile; fileRef = 8484DAEC2C890DDC0010E637 /* ValidationError.swift */; };
		8488C52C2C82540600ADB11B /* CoreDataManager.swift in Sources */ = {isa = PBXBuildFile; fileRef = 8488C52B2C82540600ADB11B /* CoreDataManager.swift */; };
		8488C52E2C825BB600ADB11B /* JournalEntryData.swift in Sources */ = {isa = PBXBuildFile; fileRef = 8488C52D2C825BB600ADB11B /* JournalEntryData.swift */; };
		849A1C742C89346B00F4BB81 /* MetadataValidatorTests.swift in Sources */ = {isa = PBXBuildFile; fileRef = 849A1C722C8926C500F4BB81 /* MetadataValidatorTests.swift */; };
		849A1C752C89347100F4BB81 /* MetadataKeyRegistryTests.swift in Sources */ = {isa = PBXBuildFile; fileRef = 849A1C702C89239D00F4BB81 /* MetadataKeyRegistryTests.swift */; };
		849A1C762C89347400F4BB81 /* JournalEntryValidationTests.swift in Sources */ = {isa = PBXBuildFile; fileRef = 849A1C6E2C891A6100F4BB81 /* JournalEntryValidationTests.swift */; };
		84A21EF12C82513100274287 /* JournalEntry.swift in Sources */ = {isa = PBXBuildFile; fileRef = 84A21EF02C82513100274287 /* JournalEntry.swift */; };
		84C04AF02C8A522300225B58 /* MetadataKeyRegistry.swift in Sources */ = {isa = PBXBuildFile; fileRef = 84C04AEF2C8A522300225B58 /* MetadataKeyRegistry.swift */; };
		84C04AF22C8A523100225B58 /* MetadataValidator.swift in Sources */ = {isa = PBXBuildFile; fileRef = 84C04AF12C8A523100225B58 /* MetadataValidator.swift */; };
		84C04AF52C8A5FA300225B58 /* Validatable.swift in Sources */ = {isa = PBXBuildFile; fileRef = 84C04AF42C8A5FA300225B58 /* Validatable.swift */; };
		84C04AF72C8A622800225B58 /* Persistable.swift in Sources */ = {isa = PBXBuildFile; fileRef = 84C04AF62C8A622800225B58 /* Persistable.swift */; };
		84C04AF92C8A628F00225B58 /* MetadataValidatable.swift in Sources */ = {isa = PBXBuildFile; fileRef = 84C04AF82C8A628F00225B58 /* MetadataValidatable.swift */; };
		84C04AFE2C8A761F00225B58 /* JournalRepository.swift in Sources */ = {isa = PBXBuildFile; fileRef = 84C04AFD2C8A761F00225B58 /* JournalRepository.swift */; };
		84C04B002C8A76A500225B58 /* CoreDataJournalRepository.swift in Sources */ = {isa = PBXBuildFile; fileRef = 84C04AFF2C8A76A500225B58 /* CoreDataJournalRepository.swift */; };
		84EAF68E2C824B1A0051A649 /* CryptoSwift in Frameworks */ = {isa = PBXBuildFile; productRef = 84EAF68D2C824B1A0051A649 /* CryptoSwift */; };
		84EAF6962C824BE80051A649 /* JournalError.swift in Sources */ = {isa = PBXBuildFile; fileRef = 84EAF6952C824BE80051A649 /* JournalError.swift */; };
		84EAF6982C824DFF0051A649 /* BackupError.swift in Sources */ = {isa = PBXBuildFile; fileRef = 84EAF6972C824DFF0051A649 /* BackupError.swift */; };
		84EC7D942C87CADB00C50E01 /* Swinject in Frameworks */ = {isa = PBXBuildFile; productRef = 84EC7D932C87CADB00C50E01 /* Swinject */; };
		84EF3EA62C8251EE00803076 /* MoodAnalysisResult.swift in Sources */ = {isa = PBXBuildFile; fileRef = 84EF3EA52C8251EE00803076 /* MoodAnalysisResult.swift */; };
/* End PBXBuildFile section */

/* Begin PBXContainerItemProxy section */
		84214F462C80174500DCEDBD /* PBXContainerItemProxy */ = {
			isa = PBXContainerItemProxy;
			containerPortal = 84214F282C80174400DCEDBD /* Project object */;
			proxyType = 1;
			remoteGlobalIDString = 84214F2F2C80174400DCEDBD;
			remoteInfo = journalApp;
		};
		84214F502C80174500DCEDBD /* PBXContainerItemProxy */ = {
			isa = PBXContainerItemProxy;
			containerPortal = 84214F282C80174400DCEDBD /* Project object */;
			proxyType = 1;
			remoteGlobalIDString = 84214F2F2C80174400DCEDBD;
			remoteInfo = journalApp;
		};
/* End PBXContainerItemProxy section */

/* Begin PBXCopyFilesBuildPhase section */
		846678282C87C59E00C9F406 /* Embed Frameworks */ = {
			isa = PBXCopyFilesBuildPhase;
			buildActionMask = 2147483647;
			dstPath = "";
			dstSubfolderSpec = 10;
			files = (
			);
			name = "Embed Frameworks";
			runOnlyForDeploymentPostprocessing = 0;
		};
/* End PBXCopyFilesBuildPhase section */

/* Begin PBXFileReference section */
		84214F302C80174400DCEDBD /* journalApp.app */ = {isa = PBXFileReference; explicitFileType = wrapper.application; includeInIndex = 0; path = journalApp.app; sourceTree = BUILT_PRODUCTS_DIR; };
		84214F332C80174400DCEDBD /* journalAppApp.swift */ = {isa = PBXFileReference; lastKnownFileType = sourcecode.swift; path = journalAppApp.swift; sourceTree = "<group>"; };
		84214F352C80174400DCEDBD /* ContentView.swift */ = {isa = PBXFileReference; lastKnownFileType = sourcecode.swift; path = ContentView.swift; sourceTree = "<group>"; };
		84214F372C80174500DCEDBD /* Assets.xcassets */ = {isa = PBXFileReference; lastKnownFileType = folder.assetcatalog; path = Assets.xcassets; sourceTree = "<group>"; };
		84214F3A2C80174500DCEDBD /* Preview Assets.xcassets */ = {isa = PBXFileReference; lastKnownFileType = folder.assetcatalog; path = "Preview Assets.xcassets"; sourceTree = "<group>"; };
		84214F3C2C80174500DCEDBD /* Persistence.swift */ = {isa = PBXFileReference; lastKnownFileType = sourcecode.swift; path = Persistence.swift; sourceTree = "<group>"; };
		84214F3F2C80174500DCEDBD /* journalApp.xcdatamodel */ = {isa = PBXFileReference; lastKnownFileType = wrapper.xcdatamodel; path = journalApp.xcdatamodel; sourceTree = "<group>"; };
		84214F452C80174500DCEDBD /* journalAppTests.xctest */ = {isa = PBXFileReference; explicitFileType = wrapper.cfbundle; includeInIndex = 0; path = journalAppTests.xctest; sourceTree = BUILT_PRODUCTS_DIR; };
		84214F492C80174500DCEDBD /* journalAppTests.swift */ = {isa = PBXFileReference; lastKnownFileType = sourcecode.swift; path = journalAppTests.swift; sourceTree = "<group>"; };
		84214F4F2C80174500DCEDBD /* journalAppUITests.xctest */ = {isa = PBXFileReference; explicitFileType = wrapper.cfbundle; includeInIndex = 0; path = journalAppUITests.xctest; sourceTree = BUILT_PRODUCTS_DIR; };
		84214F532C80174500DCEDBD /* journalAppUITests.swift */ = {isa = PBXFileReference; lastKnownFileType = sourcecode.swift; path = journalAppUITests.swift; sourceTree = "<group>"; };
		84214F552C80174500DCEDBD /* journalAppUITestsLaunchTests.swift */ = {isa = PBXFileReference; lastKnownFileType = sourcecode.swift; path = journalAppUITestsLaunchTests.swift; sourceTree = "<group>"; };
		84214F632C80226400DCEDBD /* Info.plist */ = {isa = PBXFileReference; lastKnownFileType = text.plist; path = Info.plist; sourceTree = "<group>"; };
		84214F642C80232800DCEDBD /* journalApp.entitlements */ = {isa = PBXFileReference; lastKnownFileType = text.plist.entitlements; path = journalApp.entitlements; sourceTree = "<group>"; };
		84298F132C820DB800C5CEF9 /* AnalyticsManagerProtocol.swift */ = {isa = PBXFileReference; fileEncoding = 4; lastKnownFileType = sourcecode.swift; path = AnalyticsManagerProtocol.swift; sourceTree = "<group>"; };
		84298F142C820DB800C5CEF9 /* AuthenticationManagerProtocol.swift */ = {isa = PBXFileReference; fileEncoding = 4; lastKnownFileType = sourcecode.swift; path = AuthenticationManagerProtocol.swift; sourceTree = "<group>"; };
		84298F152C820DB800C5CEF9 /* BackupManagerProtocol.swift */ = {isa = PBXFileReference; fileEncoding = 4; lastKnownFileType = sourcecode.swift; path = BackupManagerProtocol.swift; sourceTree = "<group>"; };
		84298F162C820DB800C5CEF9 /* JournalManagerProtocol.swift */ = {isa = PBXFileReference; fileEncoding = 4; lastKnownFileType = sourcecode.swift; path = JournalManagerProtocol.swift; sourceTree = "<group>"; };
		84298F172C820DB800C5CEF9 /* KeychainManagerProtocol.swift */ = {isa = PBXFileReference; fileEncoding = 4; lastKnownFileType = sourcecode.swift; path = KeychainManagerProtocol.swift; sourceTree = "<group>"; };
		84298F182C820DB800C5CEF9 /* MoodTrackingManagerProtocol.swift */ = {isa = PBXFileReference; fileEncoding = 4; lastKnownFileType = sourcecode.swift; path = MoodTrackingManagerProtocol.swift; sourceTree = "<group>"; };
		84298F192C820DB800C5CEF9 /* SecurityManagerProtocol.swift */ = {isa = PBXFileReference; fileEncoding = 4; lastKnownFileType = sourcecode.swift; path = SecurityManagerProtocol.swift; sourceTree = "<group>"; };
		84298F222C820DE100C5CEF9 /* AuthenticationManager.swift */ = {isa = PBXFileReference; fileEncoding = 4; lastKnownFileType = sourcecode.swift; path = AuthenticationManager.swift; sourceTree = "<group>"; };
		84298F232C820DE100C5CEF9 /* JournalManager.swift */ = {isa = PBXFileReference; fileEncoding = 4; lastKnownFileType = sourcecode.swift; path = JournalManager.swift; sourceTree = "<group>"; };
		84298F242C820DE100C5CEF9 /* KeychainManager.swift */ = {isa = PBXFileReference; fileEncoding = 4; lastKnownFileType = sourcecode.swift; path = KeychainManager.swift; sourceTree = "<group>"; };
		84298F252C820DE100C5CEF9 /* SecurityManager.swift */ = {isa = PBXFileReference; fileEncoding = 4; lastKnownFileType = sourcecode.swift; path = SecurityManager.swift; sourceTree = "<group>"; };
		84298F2B2C820E0400C5CEF9 /* DIContainer.swift */ = {isa = PBXFileReference; fileEncoding = 4; lastKnownFileType = sourcecode.swift; path = DIContainer.swift; sourceTree = "<group>"; };
		84298F342C8211C700C5CEF9 /* JournalEntryViewModel.swift */ = {isa = PBXFileReference; lastKnownFileType = sourcecode.swift; path = JournalEntryViewModel.swift; sourceTree = "<group>"; };
		84298F372C8212ED00C5CEF9 /* JournalEntryViewController.swift */ = {isa = PBXFileReference; lastKnownFileType = sourcecode.swift; path = JournalEntryViewController.swift; sourceTree = "<group>"; };
		84298F392C8222FB00C5CEF9 /* AnalyticsManager.swift */ = {isa = PBXFileReference; lastKnownFileType = sourcecode.swift; path = AnalyticsManager.swift; sourceTree = "<group>"; };
		84298F3B2C8223B300C5CEF9 /* BackupManager.swift */ = {isa = PBXFileReference; lastKnownFileType = sourcecode.swift; path = BackupManager.swift; sourceTree = "<group>"; };
		84298F3D2C82264000C5CEF9 /* MoodTrackingManager.swift */ = {isa = PBXFileReference; lastKnownFileType = sourcecode.swift; path = MoodTrackingManager.swift; sourceTree = "<group>"; };
		84298F3F2C8237BA00C5CEF9 /* EncryptionKeyProviderProtocol.swift */ = {isa = PBXFileReference; lastKnownFileType = sourcecode.swift; path = EncryptionKeyProviderProtocol.swift; sourceTree = "<group>"; };
		84298F412C82380F00C5CEF9 /* EncryptionKeyProvider.swift */ = {isa = PBXFileReference; lastKnownFileType = sourcecode.swift; path = EncryptionKeyProvider.swift; sourceTree = "<group>"; };
		8484DAE82C890D9E0010E637 /* MetadataKeyRegistry_old.swift */ = {isa = PBXFileReference; lastKnownFileType = sourcecode.swift; path = MetadataKeyRegistry_old.swift; sourceTree = "<group>"; };
		8484DAEA2C890DAA0010E637 /* MetadataValidator_old.swift */ = {isa = PBXFileReference; lastKnownFileType = sourcecode.swift; path = MetadataValidator_old.swift; sourceTree = "<group>"; };
		8484DAEC2C890DDC0010E637 /* ValidationError.swift */ = {isa = PBXFileReference; lastKnownFileType = sourcecode.swift; path = ValidationError.swift; sourceTree = "<group>"; };
		8488C52B2C82540600ADB11B /* CoreDataManager.swift */ = {isa = PBXFileReference; lastKnownFileType = sourcecode.swift; path = CoreDataManager.swift; sourceTree = "<group>"; };
		8488C52D2C825BB600ADB11B /* JournalEntryData.swift */ = {isa = PBXFileReference; lastKnownFileType = sourcecode.swift; path = JournalEntryData.swift; sourceTree = "<group>"; };
		849A1C6E2C891A6100F4BB81 /* JournalEntryValidationTests.swift */ = {isa = PBXFileReference; lastKnownFileType = sourcecode.swift; path = JournalEntryValidationTests.swift; sourceTree = "<group>"; };
		849A1C702C89239D00F4BB81 /* MetadataKeyRegistryTests.swift */ = {isa = PBXFileReference; lastKnownFileType = sourcecode.swift; path = MetadataKeyRegistryTests.swift; sourceTree = "<group>"; };
		849A1C722C8926C500F4BB81 /* MetadataValidatorTests.swift */ = {isa = PBXFileReference; lastKnownFileType = sourcecode.swift; path = MetadataValidatorTests.swift; sourceTree = "<group>"; };
		84A21EF02C82513100274287 /* JournalEntry.swift */ = {isa = PBXFileReference; lastKnownFileType = sourcecode.swift; path = JournalEntry.swift; sourceTree = "<group>"; };
		84B764712C81474C00F07B16 /* Sources */ = {isa = PBXFileReference; lastKnownFileType = wrapper; name = Sources; path = ../../../../Sources; sourceTree = "<group>"; };
		84B7648C2C815C3600F07B16 /* AnalyticsManagerProtocol.swift */ = {isa = PBXFileReference; fileEncoding = 4; lastKnownFileType = sourcecode.swift; name = AnalyticsManagerProtocol.swift; path = ../../../../../../Protocols/AnalyticsManagerProtocol.swift; sourceTree = "<group>"; };
		84B7648D2C815C3600F07B16 /* MoodTrackingManagerProtocol.swift */ = {isa = PBXFileReference; fileEncoding = 4; lastKnownFileType = sourcecode.swift; name = MoodTrackingManagerProtocol.swift; path = ../../../../../../Protocols/MoodTrackingManagerProtocol.swift; sourceTree = "<group>"; };
		84B7648E2C815C3600F07B16 /* AuthenticationManagerProtocol.swift */ = {isa = PBXFileReference; fileEncoding = 4; lastKnownFileType = sourcecode.swift; name = AuthenticationManagerProtocol.swift; path = ../../../../../../Protocols/AuthenticationManagerProtocol.swift; sourceTree = "<group>"; };
		84B7648F2C815C3600F07B16 /* BackupManagerProtocol.swift */ = {isa = PBXFileReference; fileEncoding = 4; lastKnownFileType = sourcecode.swift; name = BackupManagerProtocol.swift; path = ../../../../../../Protocols/BackupManagerProtocol.swift; sourceTree = "<group>"; };
		84B764902C815C3600F07B16 /* KeychainManagerProtocol.swift */ = {isa = PBXFileReference; fileEncoding = 4; lastKnownFileType = sourcecode.swift; name = KeychainManagerProtocol.swift; path = ../../../../../../Protocols/KeychainManagerProtocol.swift; sourceTree = "<group>"; };
		84B764912C815C3600F07B16 /* JournalManagerProtocol.swift */ = {isa = PBXFileReference; fileEncoding = 4; lastKnownFileType = sourcecode.swift; name = JournalManagerProtocol.swift; path = ../../../../../../Protocols/JournalManagerProtocol.swift; sourceTree = "<group>"; };
		84B764922C815C3600F07B16 /* SecurityManagerProtocol.swift */ = {isa = PBXFileReference; fileEncoding = 4; lastKnownFileType = sourcecode.swift; name = SecurityManagerProtocol.swift; path = ../../../../../../Protocols/SecurityManagerProtocol.swift; sourceTree = "<group>"; };
		84B7649A2C815C4900F07B16 /* DIContainer.swift */ = {isa = PBXFileReference; fileEncoding = 4; lastKnownFileType = sourcecode.swift; name = DIContainer.swift; path = ../../../../../../DI/DIContainer.swift; sourceTree = "<group>"; };
		84B7649C2C815C5B00F07B16 /* KeychainManager.swift */ = {isa = PBXFileReference; fileEncoding = 4; lastKnownFileType = sourcecode.swift; name = KeychainManager.swift; path = ../../../../../../Services/KeychainManager.swift; sourceTree = "<group>"; };
		84B7649D2C815C5B00F07B16 /* SecurityManager.swift */ = {isa = PBXFileReference; fileEncoding = 4; lastKnownFileType = sourcecode.swift; name = SecurityManager.swift; path = ../../../../../../Services/SecurityManager.swift; sourceTree = "<group>"; };
		84B7649E2C815C5B00F07B16 /* JournalManager.swift */ = {isa = PBXFileReference; fileEncoding = 4; lastKnownFileType = sourcecode.swift; name = JournalManager.swift; path = ../../../../../../Services/JournalManager.swift; sourceTree = "<group>"; };
		84B7649F2C815C5B00F07B16 /* AuthenticationManager.swift */ = {isa = PBXFileReference; fileEncoding = 4; lastKnownFileType = sourcecode.swift; name = AuthenticationManager.swift; path = ../../../../../../Services/AuthenticationManager.swift; sourceTree = "<group>"; };
		84C04AEF2C8A522300225B58 /* MetadataKeyRegistry.swift */ = {isa = PBXFileReference; lastKnownFileType = sourcecode.swift; path = MetadataKeyRegistry.swift; sourceTree = "<group>"; };
		84C04AF12C8A523100225B58 /* MetadataValidator.swift */ = {isa = PBXFileReference; lastKnownFileType = sourcecode.swift; path = MetadataValidator.swift; sourceTree = "<group>"; };
		84C04AF42C8A5FA300225B58 /* Validatable.swift */ = {isa = PBXFileReference; lastKnownFileType = sourcecode.swift; path = Validatable.swift; sourceTree = "<group>"; };
		84C04AF62C8A622800225B58 /* Persistable.swift */ = {isa = PBXFileReference; lastKnownFileType = sourcecode.swift; path = Persistable.swift; sourceTree = "<group>"; };
		84C04AF82C8A628F00225B58 /* MetadataValidatable.swift */ = {isa = PBXFileReference; lastKnownFileType = sourcecode.swift; path = MetadataValidatable.swift; sourceTree = "<group>"; };
		84C04AFD2C8A761F00225B58 /* JournalRepository.swift */ = {isa = PBXFileReference; lastKnownFileType = sourcecode.swift; path = JournalRepository.swift; sourceTree = "<group>"; };
		84C04AFF2C8A76A500225B58 /* CoreDataJournalRepository.swift */ = {isa = PBXFileReference; lastKnownFileType = sourcecode.swift; path = CoreDataJournalRepository.swift; sourceTree = "<group>"; };
		84EAF6952C824BE80051A649 /* JournalError.swift */ = {isa = PBXFileReference; lastKnownFileType = sourcecode.swift; path = JournalError.swift; sourceTree = "<group>"; };
		84EAF6972C824DFF0051A649 /* BackupError.swift */ = {isa = PBXFileReference; lastKnownFileType = sourcecode.swift; path = BackupError.swift; sourceTree = "<group>"; };
		84EF3EA52C8251EE00803076 /* MoodAnalysisResult.swift */ = {isa = PBXFileReference; lastKnownFileType = sourcecode.swift; path = MoodAnalysisResult.swift; sourceTree = "<group>"; };
/* End PBXFileReference section */

/* Begin PBXFrameworksBuildPhase section */
		84214F2D2C80174400DCEDBD /* Frameworks */ = {
			isa = PBXFrameworksBuildPhase;
			buildActionMask = 2147483647;
			files = (
				84EAF68E2C824B1A0051A649 /* CryptoSwift in Frameworks */,
				84EC7D942C87CADB00C50E01 /* Swinject in Frameworks */,
			);
			runOnlyForDeploymentPostprocessing = 0;
		};
		84214F422C80174500DCEDBD /* Frameworks */ = {
			isa = PBXFrameworksBuildPhase;
			buildActionMask = 2147483647;
			files = (
			);
			runOnlyForDeploymentPostprocessing = 0;
		};
		84214F4C2C80174500DCEDBD /* Frameworks */ = {
			isa = PBXFrameworksBuildPhase;
			buildActionMask = 2147483647;
			files = (
			);
			runOnlyForDeploymentPostprocessing = 0;
		};
/* End PBXFrameworksBuildPhase section */

/* Begin PBXGroup section */
		84214F272C80174400DCEDBD = {
			isa = PBXGroup;
			children = (
				84214F322C80174400DCEDBD /* journalApp */,
				84214F482C80174500DCEDBD /* journalAppTests */,
				84214F522C80174500DCEDBD /* journalAppUITests */,
				84214F312C80174400DCEDBD /* Products */,
				846678222C87C59E00C9F406 /* Frameworks */,
			);
			sourceTree = "<group>";
		};
		84214F312C80174400DCEDBD /* Products */ = {
			isa = PBXGroup;
			children = (
				84214F302C80174400DCEDBD /* journalApp.app */,
				84214F452C80174500DCEDBD /* journalAppTests.xctest */,
				84214F4F2C80174500DCEDBD /* journalAppUITests.xctest */,
			);
			name = Products;
			sourceTree = "<group>";
		};
		84214F322C80174400DCEDBD /* journalApp */ = {
			isa = PBXGroup;
			children = (
				84C04AFC2C8A760700225B58 /* Repositories */,
				84298F332C820E5000C5CEF9 /* Utils */,
				84298F322C820E4700C5CEF9 /* Data */,
				84298F312C820E3A00C5CEF9 /* Models */,
				84298F302C820E2600C5CEF9 /* UI */,
				84298F2C2C820E0400C5CEF9 /* DI */,
				84298F262C820DE100C5CEF9 /* Services */,
				84298F1A2C820DB800C5CEF9 /* Protocols */,
				84B764892C815BE800F07B16 /* Tests */,
				84B764802C815B7B00F07B16 /* Sources */,
				84B764712C81474C00F07B16 /* Sources */,
				84214F642C80232800DCEDBD /* journalApp.entitlements */,
				84214F632C80226400DCEDBD /* Info.plist */,
				84214F332C80174400DCEDBD /* journalAppApp.swift */,
				84214F352C80174400DCEDBD /* ContentView.swift */,
				84214F372C80174500DCEDBD /* Assets.xcassets */,
				84214F3C2C80174500DCEDBD /* Persistence.swift */,
				84214F3E2C80174500DCEDBD /* journalApp.xcdatamodeld */,
				84214F392C80174500DCEDBD /* Preview Content */,
			);
			path = journalApp;
			sourceTree = "<group>";
		};
		84214F392C80174500DCEDBD /* Preview Content */ = {
			isa = PBXGroup;
			children = (
				84214F3A2C80174500DCEDBD /* Preview Assets.xcassets */,
			);
			path = "Preview Content";
			sourceTree = "<group>";
		};
		84214F482C80174500DCEDBD /* journalAppTests */ = {
			isa = PBXGroup;
			children = (
				84214F492C80174500DCEDBD /* journalAppTests.swift */,
			);
			path = journalAppTests;
			sourceTree = "<group>";
		};
		84214F522C80174500DCEDBD /* journalAppUITests */ = {
			isa = PBXGroup;
			children = (
				84214F532C80174500DCEDBD /* journalAppUITests.swift */,
				84214F552C80174500DCEDBD /* journalAppUITestsLaunchTests.swift */,
			);
			path = journalAppUITests;
			sourceTree = "<group>";
		};
		84298F1A2C820DB800C5CEF9 /* Protocols */ = {
			isa = PBXGroup;
			children = (
				84C04AF42C8A5FA300225B58 /* Validatable.swift */,
				84298F132C820DB800C5CEF9 /* AnalyticsManagerProtocol.swift */,
				84298F142C820DB800C5CEF9 /* AuthenticationManagerProtocol.swift */,
				84298F152C820DB800C5CEF9 /* BackupManagerProtocol.swift */,
				84298F162C820DB800C5CEF9 /* JournalManagerProtocol.swift */,
				84298F172C820DB800C5CEF9 /* KeychainManagerProtocol.swift */,
				84298F182C820DB800C5CEF9 /* MoodTrackingManagerProtocol.swift */,
				84298F192C820DB800C5CEF9 /* SecurityManagerProtocol.swift */,
				84298F3F2C8237BA00C5CEF9 /* EncryptionKeyProviderProtocol.swift */,
				84C04AF62C8A622800225B58 /* Persistable.swift */,
				84C04AF82C8A628F00225B58 /* MetadataValidatable.swift */,
			);
			path = Protocols;
			sourceTree = "<group>";
		};
		84298F262C820DE100C5CEF9 /* Services */ = {
			isa = PBXGroup;
			children = (
				84C04AEE2C8A520900225B58 /* Validators */,
				84C04AED2C8A51FD00225B58 /* Registry */,
				84298F222C820DE100C5CEF9 /* AuthenticationManager.swift */,
				84298F232C820DE100C5CEF9 /* JournalManager.swift */,
				84298F242C820DE100C5CEF9 /* KeychainManager.swift */,
				84298F252C820DE100C5CEF9 /* SecurityManager.swift */,
				84298F392C8222FB00C5CEF9 /* AnalyticsManager.swift */,
				84298F3B2C8223B300C5CEF9 /* BackupManager.swift */,
				84298F3D2C82264000C5CEF9 /* MoodTrackingManager.swift */,
				84298F412C82380F00C5CEF9 /* EncryptionKeyProvider.swift */,
			);
			path = Services;
			sourceTree = "<group>";
		};
		84298F2C2C820E0400C5CEF9 /* DI */ = {
			isa = PBXGroup;
			children = (
				84298F2B2C820E0400C5CEF9 /* DIContainer.swift */,
			);
			path = DI;
			sourceTree = "<group>";
		};
		84298F2E2C820E2600C5CEF9 /* ViewModels */ = {
			isa = PBXGroup;
			children = (
				84298F342C8211C700C5CEF9 /* JournalEntryViewModel.swift */,
			);
			path = ViewModels;
			sourceTree = "<group>";
		};
		84298F2F2C820E2600C5CEF9 /* Views */ = {
			isa = PBXGroup;
			children = (
			);
			path = Views;
			sourceTree = "<group>";
		};
		84298F302C820E2600C5CEF9 /* UI */ = {
			isa = PBXGroup;
			children = (
				84298F362C8212D200C5CEF9 /* Controllers */,
				84298F2E2C820E2600C5CEF9 /* ViewModels */,
				84298F2F2C820E2600C5CEF9 /* Views */,
			);
			path = UI;
			sourceTree = "<group>";
		};
		84298F312C820E3A00C5CEF9 /* Models */ = {
			isa = PBXGroup;
			children = (
				84EAF6952C824BE80051A649 /* JournalError.swift */,
				84EAF6972C824DFF0051A649 /* BackupError.swift */,
				84A21EF02C82513100274287 /* JournalEntry.swift */,
				84EF3EA52C8251EE00803076 /* MoodAnalysisResult.swift */,
				8484DAE82C890D9E0010E637 /* MetadataKeyRegistry_old.swift */,
				8484DAEA2C890DAA0010E637 /* MetadataValidator_old.swift */,
			);
			path = Models;
			sourceTree = "<group>";
		};
		84298F322C820E4700C5CEF9 /* Data */ = {
			isa = PBXGroup;
			children = (
				8488C52B2C82540600ADB11B /* CoreDataManager.swift */,
				8488C52D2C825BB600ADB11B /* JournalEntryData.swift */,
			);
			path = Data;
			sourceTree = "<group>";
		};
		84298F332C820E5000C5CEF9 /* Utils */ = {
			isa = PBXGroup;
			children = (
				8484DAEC2C890DDC0010E637 /* ValidationError.swift */,
			);
			path = Utils;
			sourceTree = "<group>";
		};
		84298F362C8212D200C5CEF9 /* Controllers */ = {
			isa = PBXGroup;
			children = (
				84298F372C8212ED00C5CEF9 /* JournalEntryViewController.swift */,
			);
			path = Controllers;
			sourceTree = "<group>";
		};
		846678222C87C59E00C9F406 /* Frameworks */ = {
			isa = PBXGroup;
			children = (
			);
			name = Frameworks;
			sourceTree = "<group>";
		};
		84B764802C815B7B00F07B16 /* Sources */ = {
			isa = PBXGroup;
			children = (
				84B764882C815BCF00F07B16 /* DI */,
				84B764872C815BC500F07B16 /* Utils */,
				84B764862C815BBB00F07B16 /* Data */,
				84B764852C815BB100F07B16 /* Models */,
				84B764842C815BA300F07B16 /* Protocols */,
				84B764832C815B9800F07B16 /* Services */,
				84B764822C815B9000F07B16 /* UI */,
				84B764812C815B8700F07B16 /* App */,
			);
			path = Sources;
			sourceTree = "<group>";
		};
		84B764812C815B8700F07B16 /* App */ = {
			isa = PBXGroup;
			children = (
			);
			path = App;
			sourceTree = "<group>";
		};
		84B764822C815B9000F07B16 /* UI */ = {
			isa = PBXGroup;
			children = (
				84B7648B2C815C0000F07B16 /* ViewModels */,
				84B7648A2C815BF500F07B16 /* Views */,
			);
			path = UI;
			sourceTree = "<group>";
		};
		84B764832C815B9800F07B16 /* Services */ = {
			isa = PBXGroup;
			children = (
				84B7649F2C815C5B00F07B16 /* AuthenticationManager.swift */,
				84B7649E2C815C5B00F07B16 /* JournalManager.swift */,
				84B7649C2C815C5B00F07B16 /* KeychainManager.swift */,
				84B7649D2C815C5B00F07B16 /* SecurityManager.swift */,
			);
			path = Services;
			sourceTree = "<group>";
		};
		84B764842C815BA300F07B16 /* Protocols */ = {
			isa = PBXGroup;
			children = (
				84B7648C2C815C3600F07B16 /* AnalyticsManagerProtocol.swift */,
				84B7648E2C815C3600F07B16 /* AuthenticationManagerProtocol.swift */,
				84B7648F2C815C3600F07B16 /* BackupManagerProtocol.swift */,
				84B764912C815C3600F07B16 /* JournalManagerProtocol.swift */,
				84B764902C815C3600F07B16 /* KeychainManagerProtocol.swift */,
				84B7648D2C815C3600F07B16 /* MoodTrackingManagerProtocol.swift */,
				84B764922C815C3600F07B16 /* SecurityManagerProtocol.swift */,
			);
			path = Protocols;
			sourceTree = "<group>";
		};
		84B764852C815BB100F07B16 /* Models */ = {
			isa = PBXGroup;
			children = (
			);
			path = Models;
			sourceTree = "<group>";
		};
		84B764862C815BBB00F07B16 /* Data */ = {
			isa = PBXGroup;
			children = (
			);
			path = Data;
			sourceTree = "<group>";
		};
		84B764872C815BC500F07B16 /* Utils */ = {
			isa = PBXGroup;
			children = (
			);
			path = Utils;
			sourceTree = "<group>";
		};
		84B764882C815BCF00F07B16 /* DI */ = {
			isa = PBXGroup;
			children = (
				84B7649A2C815C4900F07B16 /* DIContainer.swift */,
			);
			path = DI;
			sourceTree = "<group>";
		};
		84B764892C815BE800F07B16 /* Tests */ = {
			isa = PBXGroup;
			children = (
				849A1C6E2C891A6100F4BB81 /* JournalEntryValidationTests.swift */,
				849A1C702C89239D00F4BB81 /* MetadataKeyRegistryTests.swift */,
				849A1C722C8926C500F4BB81 /* MetadataValidatorTests.swift */,
			);
			path = Tests;
			sourceTree = "<group>";
		};
		84B7648A2C815BF500F07B16 /* Views */ = {
			isa = PBXGroup;
			children = (
			);
			path = Views;
			sourceTree = "<group>";
		};
		84B7648B2C815C0000F07B16 /* ViewModels */ = {
			isa = PBXGroup;
			children = (
			);
			path = ViewModels;
			sourceTree = "<group>";
		};
		84C04AED2C8A51FD00225B58 /* Registry */ = {
			isa = PBXGroup;
			children = (
				84C04AEF2C8A522300225B58 /* MetadataKeyRegistry.swift */,
			);
			path = Registry;
			sourceTree = "<group>";
		};
		84C04AEE2C8A520900225B58 /* Validators */ = {
			isa = PBXGroup;
			children = (
				84C04AF12C8A523100225B58 /* MetadataValidator.swift */,
			);
			path = Validators;
			sourceTree = "<group>";
		};
		84C04AFC2C8A760700225B58 /* Repositories */ = {
			isa = PBXGroup;
			children = (
				84C04AFD2C8A761F00225B58 /* JournalRepository.swift */,
				84C04AFF2C8A76A500225B58 /* CoreDataJournalRepository.swift */,
			);
			path = Repositories;
			sourceTree = "<group>";
		};
/* End PBXGroup section */

/* Begin PBXNativeTarget section */
		84214F2F2C80174400DCEDBD /* journalApp */ = {
			isa = PBXNativeTarget;
			buildConfigurationList = 84214F592C80174500DCEDBD /* Build configuration list for PBXNativeTarget "journalApp" */;
			buildPhases = (
				84214F2C2C80174400DCEDBD /* Sources */,
				84214F2D2C80174400DCEDBD /* Frameworks */,
				84214F2E2C80174400DCEDBD /* Resources */,
				846678282C87C59E00C9F406 /* Embed Frameworks */,
			);
			buildRules = (
			);
			dependencies = (
			);
			name = journalApp;
			packageProductDependencies = (
				84EAF68D2C824B1A0051A649 /* CryptoSwift */,
				84EC7D932C87CADB00C50E01 /* Swinject */,
			);
			productName = journalApp;
			productReference = 84214F302C80174400DCEDBD /* journalApp.app */;
			productType = "com.apple.product-type.application";
		};
		84214F442C80174500DCEDBD /* journalAppTests */ = {
			isa = PBXNativeTarget;
			buildConfigurationList = 84214F5C2C80174500DCEDBD /* Build configuration list for PBXNativeTarget "journalAppTests" */;
			buildPhases = (
				84214F412C80174500DCEDBD /* Sources */,
				84214F422C80174500DCEDBD /* Frameworks */,
				84214F432C80174500DCEDBD /* Resources */,
			);
			buildRules = (
			);
			dependencies = (
				84214F472C80174500DCEDBD /* PBXTargetDependency */,
			);
			name = journalAppTests;
			productName = journalAppTests;
			productReference = 84214F452C80174500DCEDBD /* journalAppTests.xctest */;
			productType = "com.apple.product-type.bundle.unit-test";
		};
		84214F4E2C80174500DCEDBD /* journalAppUITests */ = {
			isa = PBXNativeTarget;
			buildConfigurationList = 84214F5F2C80174500DCEDBD /* Build configuration list for PBXNativeTarget "journalAppUITests" */;
			buildPhases = (
				84214F4B2C80174500DCEDBD /* Sources */,
				84214F4C2C80174500DCEDBD /* Frameworks */,
				84214F4D2C80174500DCEDBD /* Resources */,
			);
			buildRules = (
			);
			dependencies = (
				84214F512C80174500DCEDBD /* PBXTargetDependency */,
			);
			name = journalAppUITests;
			productName = journalAppUITests;
			productReference = 84214F4F2C80174500DCEDBD /* journalAppUITests.xctest */;
			productType = "com.apple.product-type.bundle.ui-testing";
		};
/* End PBXNativeTarget section */

/* Begin PBXProject section */
		84214F282C80174400DCEDBD /* Project object */ = {
			isa = PBXProject;
			attributes = {
				BuildIndependentTargetsInParallel = 1;
				LastSwiftUpdateCheck = 1540;
				LastUpgradeCheck = 1540;
				TargetAttributes = {
					84214F2F2C80174400DCEDBD = {
						CreatedOnToolsVersion = 15.4;
					};
					84214F442C80174500DCEDBD = {
						CreatedOnToolsVersion = 15.4;
						TestTargetID = 84214F2F2C80174400DCEDBD;
					};
					84214F4E2C80174500DCEDBD = {
						CreatedOnToolsVersion = 15.4;
						TestTargetID = 84214F2F2C80174400DCEDBD;
					};
				};
			};
			buildConfigurationList = 84214F2B2C80174400DCEDBD /* Build configuration list for PBXProject "journalApp" */;
			compatibilityVersion = "Xcode 14.0";
			developmentRegion = en;
			hasScannedForEncodings = 0;
			knownRegions = (
				en,
				Base,
			);
			mainGroup = 84214F272C80174400DCEDBD;
			packageReferences = (
				84EAF68C2C824B1A0051A649 /* XCRemoteSwiftPackageReference "CryptoSwift" */,
				84EC7D922C87CADB00C50E01 /* XCRemoteSwiftPackageReference "Swinject" */,
			);
			productRefGroup = 84214F312C80174400DCEDBD /* Products */;
			projectDirPath = "";
			projectRoot = "";
			targets = (
				84214F2F2C80174400DCEDBD /* journalApp */,
				84214F442C80174500DCEDBD /* journalAppTests */,
				84214F4E2C80174500DCEDBD /* journalAppUITests */,
			);
		};
/* End PBXProject section */

/* Begin PBXResourcesBuildPhase section */
		84214F2E2C80174400DCEDBD /* Resources */ = {
			isa = PBXResourcesBuildPhase;
			buildActionMask = 2147483647;
			files = (
				84214F3B2C80174500DCEDBD /* Preview Assets.xcassets in Resources */,
				84214F382C80174500DCEDBD /* Assets.xcassets in Resources */,
			);
			runOnlyForDeploymentPostprocessing = 0;
		};
		84214F432C80174500DCEDBD /* Resources */ = {
			isa = PBXResourcesBuildPhase;
			buildActionMask = 2147483647;
			files = (
			);
			runOnlyForDeploymentPostprocessing = 0;
		};
		84214F4D2C80174500DCEDBD /* Resources */ = {
			isa = PBXResourcesBuildPhase;
			buildActionMask = 2147483647;
			files = (
			);
			runOnlyForDeploymentPostprocessing = 0;
		};
/* End PBXResourcesBuildPhase section */

/* Begin PBXSourcesBuildPhase section */
		84214F2C2C80174400DCEDBD /* Sources */ = {
			isa = PBXSourcesBuildPhase;
			buildActionMask = 2147483647;
			files = (
				84298F2D2C820E0400C5CEF9 /* DIContainer.swift in Sources */,
				84298F212C820DB800C5CEF9 /* SecurityManagerProtocol.swift in Sources */,
				84C04B002C8A76A500225B58 /* CoreDataJournalRepository.swift in Sources */,
				84C04AFE2C8A761F00225B58 /* JournalRepository.swift in Sources */,
				84EAF6962C824BE80051A649 /* JournalError.swift in Sources */,
				84298F1D2C820DB800C5CEF9 /* BackupManagerProtocol.swift in Sources */,
				84C04AF02C8A522300225B58 /* MetadataKeyRegistry.swift in Sources */,
				84298F1E2C820DB800C5CEF9 /* JournalManagerProtocol.swift in Sources */,
				8484DAED2C890DDC0010E637 /* ValidationError.swift in Sources */,
				84298F2A2C820DE100C5CEF9 /* SecurityManager.swift in Sources */,
				84298F1F2C820DB800C5CEF9 /* KeychainManagerProtocol.swift in Sources */,
				84298F352C8211C700C5CEF9 /* JournalEntryViewModel.swift in Sources */,
				8488C52E2C825BB600ADB11B /* JournalEntryData.swift in Sources */,
				84214F3D2C80174500DCEDBD /* Persistence.swift in Sources */,
				84214F362C80174400DCEDBD /* ContentView.swift in Sources */,
				84EF3EA62C8251EE00803076 /* MoodAnalysisResult.swift in Sources */,
				84298F272C820DE100C5CEF9 /* AuthenticationManager.swift in Sources */,
				84298F292C820DE100C5CEF9 /* KeychainManager.swift in Sources */,
				84214F342C80174400DCEDBD /* journalAppApp.swift in Sources */,
				84298F3E2C82264000C5CEF9 /* MoodTrackingManager.swift in Sources */,
				84C04AF72C8A622800225B58 /* Persistable.swift in Sources */,
				84EAF6982C824DFF0051A649 /* BackupError.swift in Sources */,
				84298F1C2C820DB800C5CEF9 /* AuthenticationManagerProtocol.swift in Sources */,
				84C04AF52C8A5FA300225B58 /* Validatable.swift in Sources */,
				84298F202C820DB800C5CEF9 /* MoodTrackingManagerProtocol.swift in Sources */,
				84298F382C8212ED00C5CEF9 /* JournalEntryViewController.swift in Sources */,
				84298F282C820DE100C5CEF9 /* JournalManager.swift in Sources */,
				8484DAEB2C890DAA0010E637 /* MetadataValidator_old.swift in Sources */,
				84214F402C80174500DCEDBD /* journalApp.xcdatamodeld in Sources */,
				84298F3A2C8222FB00C5CEF9 /* AnalyticsManager.swift in Sources */,
				84298F1B2C820DB800C5CEF9 /* AnalyticsManagerProtocol.swift in Sources */,
				84298F422C82380F00C5CEF9 /* EncryptionKeyProvider.swift in Sources */,
				8484DAE92C890D9E0010E637 /* MetadataKeyRegistry_old.swift in Sources */,
				84298F402C8237BA00C5CEF9 /* EncryptionKeyProviderProtocol.swift in Sources */,
				84A21EF12C82513100274287 /* JournalEntry.swift in Sources */,
				8488C52C2C82540600ADB11B /* CoreDataManager.swift in Sources */,
				84C04AF92C8A628F00225B58 /* MetadataValidatable.swift in Sources */,
				84298F3C2C8223B300C5CEF9 /* BackupManager.swift in Sources */,
				84C04AF22C8A523100225B58 /* MetadataValidator.swift in Sources */,
			);
			runOnlyForDeploymentPostprocessing = 0;
		};
		84214F412C80174500DCEDBD /* Sources */ = {
			isa = PBXSourcesBuildPhase;
			buildActionMask = 2147483647;
			files = (
				84214F4A2C80174500DCEDBD /* journalAppTests.swift in Sources */,
				849A1C762C89347400F4BB81 /* JournalEntryValidationTests.swift in Sources */,
				849A1C752C89347100F4BB81 /* MetadataKeyRegistryTests.swift in Sources */,
				849A1C742C89346B00F4BB81 /* MetadataValidatorTests.swift in Sources */,
			);
			runOnlyForDeploymentPostprocessing = 0;
		};
		84214F4B2C80174500DCEDBD /* Sources */ = {
			isa = PBXSourcesBuildPhase;
			buildActionMask = 2147483647;
			files = (
				84214F562C80174500DCEDBD /* journalAppUITestsLaunchTests.swift in Sources */,
				84214F542C80174500DCEDBD /* journalAppUITests.swift in Sources */,
			);
			runOnlyForDeploymentPostprocessing = 0;
		};
/* End PBXSourcesBuildPhase section */

/* Begin PBXTargetDependency section */
		84214F472C80174500DCEDBD /* PBXTargetDependency */ = {
			isa = PBXTargetDependency;
			target = 84214F2F2C80174400DCEDBD /* journalApp */;
			targetProxy = 84214F462C80174500DCEDBD /* PBXContainerItemProxy */;
		};
		84214F512C80174500DCEDBD /* PBXTargetDependency */ = {
			isa = PBXTargetDependency;
			target = 84214F2F2C80174400DCEDBD /* journalApp */;
			targetProxy = 84214F502C80174500DCEDBD /* PBXContainerItemProxy */;
		};
/* End PBXTargetDependency section */

/* Begin XCBuildConfiguration section */
		84214F572C80174500DCEDBD /* Debug */ = {
			isa = XCBuildConfiguration;
			buildSettings = {
				ALWAYS_SEARCH_USER_PATHS = NO;
				ASSETCATALOG_COMPILER_GENERATE_SWIFT_ASSET_SYMBOL_EXTENSIONS = YES;
				CLANG_ANALYZER_NONNULL = YES;
				CLANG_ANALYZER_NUMBER_OBJECT_CONVERSION = YES_AGGRESSIVE;
				CLANG_CXX_LANGUAGE_STANDARD = "gnu++20";
				CLANG_ENABLE_MODULES = YES;
				CLANG_ENABLE_OBJC_ARC = YES;
				CLANG_ENABLE_OBJC_WEAK = YES;
				CLANG_WARN_BLOCK_CAPTURE_AUTORELEASING = YES;
				CLANG_WARN_BOOL_CONVERSION = YES;
				CLANG_WARN_COMMA = YES;
				CLANG_WARN_CONSTANT_CONVERSION = YES;
				CLANG_WARN_DEPRECATED_OBJC_IMPLEMENTATIONS = YES;
				CLANG_WARN_DIRECT_OBJC_ISA_USAGE = YES_ERROR;
				CLANG_WARN_DOCUMENTATION_COMMENTS = YES;
				CLANG_WARN_EMPTY_BODY = YES;
				CLANG_WARN_ENUM_CONVERSION = YES;
				CLANG_WARN_INFINITE_RECURSION = YES;
				CLANG_WARN_INT_CONVERSION = YES;
				CLANG_WARN_NON_LITERAL_NULL_CONVERSION = YES;
				CLANG_WARN_OBJC_IMPLICIT_RETAIN_SELF = YES;
				CLANG_WARN_OBJC_LITERAL_CONVERSION = YES;
				CLANG_WARN_OBJC_ROOT_CLASS = YES_ERROR;
				CLANG_WARN_QUOTED_INCLUDE_IN_FRAMEWORK_HEADER = YES;
				CLANG_WARN_RANGE_LOOP_ANALYSIS = YES;
				CLANG_WARN_STRICT_PROTOTYPES = YES;
				CLANG_WARN_SUSPICIOUS_MOVE = YES;
				CLANG_WARN_UNGUARDED_AVAILABILITY = YES_AGGRESSIVE;
				CLANG_WARN_UNREACHABLE_CODE = YES;
				CLANG_WARN__DUPLICATE_METHOD_MATCH = YES;
				COPY_PHASE_STRIP = NO;
				DEBUG_INFORMATION_FORMAT = dwarf;
				ENABLE_STRICT_OBJC_MSGSEND = YES;
				ENABLE_TESTABILITY = YES;
				ENABLE_USER_SCRIPT_SANDBOXING = YES;
				GCC_C_LANGUAGE_STANDARD = gnu17;
				GCC_DYNAMIC_NO_PIC = NO;
				GCC_NO_COMMON_BLOCKS = YES;
				GCC_OPTIMIZATION_LEVEL = 0;
				GCC_PREPROCESSOR_DEFINITIONS = (
					"DEBUG=1",
					"$(inherited)",
				);
				GCC_WARN_64_TO_32_BIT_CONVERSION = YES;
				GCC_WARN_ABOUT_RETURN_TYPE = YES_ERROR;
				GCC_WARN_UNDECLARED_SELECTOR = YES;
				GCC_WARN_UNINITIALIZED_AUTOS = YES_AGGRESSIVE;
				GCC_WARN_UNUSED_FUNCTION = YES;
				GCC_WARN_UNUSED_VARIABLE = YES;
				IPHONEOS_DEPLOYMENT_TARGET = 17.5;
				LOCALIZATION_PREFERS_STRING_CATALOGS = YES;
				MTL_ENABLE_DEBUG_INFO = INCLUDE_SOURCE;
				MTL_FAST_MATH = YES;
				ONLY_ACTIVE_ARCH = YES;
				SDKROOT = iphoneos;
				SWIFT_ACTIVE_COMPILATION_CONDITIONS = "DEBUG $(inherited)";
				SWIFT_OPTIMIZATION_LEVEL = "-Onone";
			};
			name = Debug;
		};
		84214F582C80174500DCEDBD /* Release */ = {
			isa = XCBuildConfiguration;
			buildSettings = {
				ALWAYS_SEARCH_USER_PATHS = NO;
				ASSETCATALOG_COMPILER_GENERATE_SWIFT_ASSET_SYMBOL_EXTENSIONS = YES;
				CLANG_ANALYZER_NONNULL = YES;
				CLANG_ANALYZER_NUMBER_OBJECT_CONVERSION = YES_AGGRESSIVE;
				CLANG_CXX_LANGUAGE_STANDARD = "gnu++20";
				CLANG_ENABLE_MODULES = YES;
				CLANG_ENABLE_OBJC_ARC = YES;
				CLANG_ENABLE_OBJC_WEAK = YES;
				CLANG_WARN_BLOCK_CAPTURE_AUTORELEASING = YES;
				CLANG_WARN_BOOL_CONVERSION = YES;
				CLANG_WARN_COMMA = YES;
				CLANG_WARN_CONSTANT_CONVERSION = YES;
				CLANG_WARN_DEPRECATED_OBJC_IMPLEMENTATIONS = YES;
				CLANG_WARN_DIRECT_OBJC_ISA_USAGE = YES_ERROR;
				CLANG_WARN_DOCUMENTATION_COMMENTS = YES;
				CLANG_WARN_EMPTY_BODY = YES;
				CLANG_WARN_ENUM_CONVERSION = YES;
				CLANG_WARN_INFINITE_RECURSION = YES;
				CLANG_WARN_INT_CONVERSION = YES;
				CLANG_WARN_NON_LITERAL_NULL_CONVERSION = YES;
				CLANG_WARN_OBJC_IMPLICIT_RETAIN_SELF = YES;
				CLANG_WARN_OBJC_LITERAL_CONVERSION = YES;
				CLANG_WARN_OBJC_ROOT_CLASS = YES_ERROR;
				CLANG_WARN_QUOTED_INCLUDE_IN_FRAMEWORK_HEADER = YES;
				CLANG_WARN_RANGE_LOOP_ANALYSIS = YES;
				CLANG_WARN_STRICT_PROTOTYPES = YES;
				CLANG_WARN_SUSPICIOUS_MOVE = YES;
				CLANG_WARN_UNGUARDED_AVAILABILITY = YES_AGGRESSIVE;
				CLANG_WARN_UNREACHABLE_CODE = YES;
				CLANG_WARN__DUPLICATE_METHOD_MATCH = YES;
				COPY_PHASE_STRIP = NO;
				DEBUG_INFORMATION_FORMAT = "dwarf-with-dsym";
				ENABLE_NS_ASSERTIONS = NO;
				ENABLE_STRICT_OBJC_MSGSEND = YES;
				ENABLE_USER_SCRIPT_SANDBOXING = YES;
				GCC_C_LANGUAGE_STANDARD = gnu17;
				GCC_NO_COMMON_BLOCKS = YES;
				GCC_WARN_64_TO_32_BIT_CONVERSION = YES;
				GCC_WARN_ABOUT_RETURN_TYPE = YES_ERROR;
				GCC_WARN_UNDECLARED_SELECTOR = YES;
				GCC_WARN_UNINITIALIZED_AUTOS = YES_AGGRESSIVE;
				GCC_WARN_UNUSED_FUNCTION = YES;
				GCC_WARN_UNUSED_VARIABLE = YES;
				IPHONEOS_DEPLOYMENT_TARGET = 17.5;
				LOCALIZATION_PREFERS_STRING_CATALOGS = YES;
				MTL_ENABLE_DEBUG_INFO = NO;
				MTL_FAST_MATH = YES;
				SDKROOT = iphoneos;
				SWIFT_COMPILATION_MODE = wholemodule;
				VALIDATE_PRODUCT = YES;
			};
			name = Release;
		};
		84214F5A2C80174500DCEDBD /* Debug */ = {
			isa = XCBuildConfiguration;
			buildSettings = {
				ASSETCATALOG_COMPILER_APPICON_NAME = AppIcon;
				ASSETCATALOG_COMPILER_GLOBAL_ACCENT_COLOR_NAME = AccentColor;
				CLANG_ADDRESS_SANITIZER_CONTAINER_OVERFLOW = YES;
				CODE_SIGN_ENTITLEMENTS = journalApp/journalApp.entitlements;
				CODE_SIGN_STYLE = Automatic;
				CURRENT_PROJECT_VERSION = 1;
				DEVELOPMENT_ASSET_PATHS = "\"journalApp/Preview Content\"";
				ENABLE_PREVIEWS = YES;
				FRAMEWORK_SEARCH_PATHS = "$(inherited)";
				"FRAMEWORK_SEARCH_PATHS[arch=*]" = "$(inherited)";
				GENERATE_INFOPLIST_FILE = YES;
				INFOPLIST_FILE = journalApp/Info.plist;
				INFOPLIST_KEY_UIApplicationSceneManifest_Generation = YES;
				INFOPLIST_KEY_UIApplicationSupportsIndirectInputEvents = YES;
				INFOPLIST_KEY_UILaunchScreen_Generation = YES;
				INFOPLIST_KEY_UISupportedInterfaceOrientations_iPad = "UIInterfaceOrientationPortrait UIInterfaceOrientationPortraitUpsideDown UIInterfaceOrientationLandscapeLeft UIInterfaceOrientationLandscapeRight";
				INFOPLIST_KEY_UISupportedInterfaceOrientations_iPhone = "UIInterfaceOrientationPortrait UIInterfaceOrientationLandscapeLeft UIInterfaceOrientationLandscapeRight";
				LD_RUNPATH_SEARCH_PATHS = (
					"$(inherited)",
					"@executable_path/Frameworks",
				);
				MARKETING_VERSION = 1.0;
				NEW_SETTING = "";
				OTHER_CFLAGS = "-fstack-protector-all";
				OTHER_LDFLAGS = "";
				PRODUCT_BUNDLE_IDENTIFIER = com.personal.journalApp;
				PRODUCT_NAME = "$(TARGET_NAME)";
				SWIFT_EMIT_LOC_STRINGS = YES;
				SWIFT_VERSION = 5.0;
				TARGETED_DEVICE_FAMILY = "1,2";
			};
			name = Debug;
		};
		84214F5B2C80174500DCEDBD /* Release */ = {
			isa = XCBuildConfiguration;
			buildSettings = {
				ASSETCATALOG_COMPILER_APPICON_NAME = AppIcon;
				ASSETCATALOG_COMPILER_GLOBAL_ACCENT_COLOR_NAME = AccentColor;
				CLANG_ADDRESS_SANITIZER_CONTAINER_OVERFLOW = NO;
				CODE_SIGN_ENTITLEMENTS = journalApp/journalApp.entitlements;
				CODE_SIGN_STYLE = Automatic;
				CURRENT_PROJECT_VERSION = 1;
				DEVELOPMENT_ASSET_PATHS = "\"journalApp/Preview Content\"";
				ENABLE_PREVIEWS = YES;
				FRAMEWORK_SEARCH_PATHS = "$(inherited)";
				"FRAMEWORK_SEARCH_PATHS[arch=*]" = "$(inherited)";
				GENERATE_INFOPLIST_FILE = YES;
				INFOPLIST_FILE = journalApp/Info.plist;
				INFOPLIST_KEY_UIApplicationSceneManifest_Generation = YES;
				INFOPLIST_KEY_UIApplicationSupportsIndirectInputEvents = YES;
				INFOPLIST_KEY_UILaunchScreen_Generation = YES;
				INFOPLIST_KEY_UISupportedInterfaceOrientations_iPad = "UIInterfaceOrientationPortrait UIInterfaceOrientationPortraitUpsideDown UIInterfaceOrientationLandscapeLeft UIInterfaceOrientationLandscapeRight";
				INFOPLIST_KEY_UISupportedInterfaceOrientations_iPhone = "UIInterfaceOrientationPortrait UIInterfaceOrientationLandscapeLeft UIInterfaceOrientationLandscapeRight";
				LD_RUNPATH_SEARCH_PATHS = (
					"$(inherited)",
					"@executable_path/Frameworks",
				);
				MARKETING_VERSION = 1.0;
				NEW_SETTING = "";
				OTHER_CFLAGS = "-fstack-protector-all";
				OTHER_LDFLAGS = "";
				PRODUCT_BUNDLE_IDENTIFIER = com.personal.journalApp;
				PRODUCT_NAME = "$(TARGET_NAME)";
				SWIFT_EMIT_LOC_STRINGS = YES;
				SWIFT_VERSION = 5.0;
				TARGETED_DEVICE_FAMILY = "1,2";
			};
			name = Release;
		};
		84214F5D2C80174500DCEDBD /* Debug */ = {
			isa = XCBuildConfiguration;
			buildSettings = {
				ALWAYS_EMBED_SWIFT_STANDARD_LIBRARIES = YES;
				BUNDLE_LOADER = "$(TEST_HOST)";
				CODE_SIGN_STYLE = Automatic;
				CURRENT_PROJECT_VERSION = 1;
				GENERATE_INFOPLIST_FILE = YES;
				IPHONEOS_DEPLOYMENT_TARGET = 17.5;
				MARKETING_VERSION = 1.0;
				PRODUCT_BUNDLE_IDENTIFIER = com.personal.journalAppTests;
				PRODUCT_NAME = "$(TARGET_NAME)";
				SWIFT_EMIT_LOC_STRINGS = NO;
				SWIFT_VERSION = 5.0;
				TARGETED_DEVICE_FAMILY = "1,2";
				TEST_HOST = "$(BUILT_PRODUCTS_DIR)/journalApp.app/$(BUNDLE_EXECUTABLE_FOLDER_PATH)/journalApp";
			};
			name = Debug;
		};
		84214F5E2C80174500DCEDBD /* Release */ = {
			isa = XCBuildConfiguration;
			buildSettings = {
				ALWAYS_EMBED_SWIFT_STANDARD_LIBRARIES = YES;
				BUNDLE_LOADER = "$(TEST_HOST)";
				CODE_SIGN_STYLE = Automatic;
				CURRENT_PROJECT_VERSION = 1;
				GENERATE_INFOPLIST_FILE = YES;
				IPHONEOS_DEPLOYMENT_TARGET = 17.5;
				MARKETING_VERSION = 1.0;
				PRODUCT_BUNDLE_IDENTIFIER = com.personal.journalAppTests;
				PRODUCT_NAME = "$(TARGET_NAME)";
				SWIFT_EMIT_LOC_STRINGS = NO;
				SWIFT_VERSION = 5.0;
				TARGETED_DEVICE_FAMILY = "1,2";
				TEST_HOST = "$(BUILT_PRODUCTS_DIR)/journalApp.app/$(BUNDLE_EXECUTABLE_FOLDER_PATH)/journalApp";
			};
			name = Release;
		};
		84214F602C80174500DCEDBD /* Debug */ = {
			isa = XCBuildConfiguration;
			buildSettings = {
				ALWAYS_EMBED_SWIFT_STANDARD_LIBRARIES = YES;
				CODE_SIGN_STYLE = Automatic;
				CURRENT_PROJECT_VERSION = 1;
				GENERATE_INFOPLIST_FILE = YES;
				MARKETING_VERSION = 1.0;
				PRODUCT_BUNDLE_IDENTIFIER = com.personal.journalAppUITests;
				PRODUCT_NAME = "$(TARGET_NAME)";
				SWIFT_EMIT_LOC_STRINGS = NO;
				SWIFT_VERSION = 5.0;
				TARGETED_DEVICE_FAMILY = "1,2";
				TEST_TARGET_NAME = journalApp;
			};
			name = Debug;
		};
		84214F612C80174500DCEDBD /* Release */ = {
			isa = XCBuildConfiguration;
			buildSettings = {
				ALWAYS_EMBED_SWIFT_STANDARD_LIBRARIES = YES;
				CODE_SIGN_STYLE = Automatic;
				CURRENT_PROJECT_VERSION = 1;
				GENERATE_INFOPLIST_FILE = YES;
				MARKETING_VERSION = 1.0;
				PRODUCT_BUNDLE_IDENTIFIER = com.personal.journalAppUITests;
				PRODUCT_NAME = "$(TARGET_NAME)";
				SWIFT_EMIT_LOC_STRINGS = NO;
				SWIFT_VERSION = 5.0;
				TARGETED_DEVICE_FAMILY = "1,2";
				TEST_TARGET_NAME = journalApp;
			};
			name = Release;
		};
/* End XCBuildConfiguration section */

/* Begin XCConfigurationList section */
		84214F2B2C80174400DCEDBD /* Build configuration list for PBXProject "journalApp" */ = {
			isa = XCConfigurationList;
			buildConfigurations = (
				84214F572C80174500DCEDBD /* Debug */,
				84214F582C80174500DCEDBD /* Release */,
			);
			defaultConfigurationIsVisible = 0;
			defaultConfigurationName = Release;
		};
		84214F592C80174500DCEDBD /* Build configuration list for PBXNativeTarget "journalApp" */ = {
			isa = XCConfigurationList;
			buildConfigurations = (
				84214F5A2C80174500DCEDBD /* Debug */,
				84214F5B2C80174500DCEDBD /* Release */,
			);
			defaultConfigurationIsVisible = 0;
			defaultConfigurationName = Release;
		};
		84214F5C2C80174500DCEDBD /* Build configuration list for PBXNativeTarget "journalAppTests" */ = {
			isa = XCConfigurationList;
			buildConfigurations = (
				84214F5D2C80174500DCEDBD /* Debug */,
				84214F5E2C80174500DCEDBD /* Release */,
			);
			defaultConfigurationIsVisible = 0;
			defaultConfigurationName = Release;
		};
		84214F5F2C80174500DCEDBD /* Build configuration list for PBXNativeTarget "journalAppUITests" */ = {
			isa = XCConfigurationList;
			buildConfigurations = (
				84214F602C80174500DCEDBD /* Debug */,
				84214F612C80174500DCEDBD /* Release */,
			);
			defaultConfigurationIsVisible = 0;
			defaultConfigurationName = Release;
		};
/* End XCConfigurationList section */

/* Begin XCRemoteSwiftPackageReference section */
		84EAF68C2C824B1A0051A649 /* XCRemoteSwiftPackageReference "CryptoSwift" */ = {
			isa = XCRemoteSwiftPackageReference;
			repositoryURL = "https://github.com/krzyzanowskim/CryptoSwift";
			requirement = {
				kind = upToNextMajorVersion;
				minimumVersion = 1.8.3;
			};
		};
		84EC7D922C87CADB00C50E01 /* XCRemoteSwiftPackageReference "Swinject" */ = {
			isa = XCRemoteSwiftPackageReference;
			repositoryURL = "https://github.com/Swinject/Swinject";
			requirement = {
				kind = upToNextMinorVersion;
				minimumVersion = 2.9.1;
			};
		};
/* End XCRemoteSwiftPackageReference section */

/* Begin XCSwiftPackageProductDependency section */
		84EAF68D2C824B1A0051A649 /* CryptoSwift */ = {
			isa = XCSwiftPackageProductDependency;
			package = 84EAF68C2C824B1A0051A649 /* XCRemoteSwiftPackageReference "CryptoSwift" */;
			productName = CryptoSwift;
		};
		84EC7D932C87CADB00C50E01 /* Swinject */ = {
			isa = XCSwiftPackageProductDependency;
			package = 84EC7D922C87CADB00C50E01 /* XCRemoteSwiftPackageReference "Swinject" */;
			productName = Swinject;
		};
/* End XCSwiftPackageProductDependency section */

/* Begin XCVersionGroup section */
		84214F3E2C80174500DCEDBD /* journalApp.xcdatamodeld */ = {
			isa = XCVersionGroup;
			children = (
				84214F3F2C80174500DCEDBD /* journalApp.xcdatamodel */,
			);
			currentVersion = 84214F3F2C80174500DCEDBD /* journalApp.xcdatamodel */;
			path = journalApp.xcdatamodeld;
			sourceTree = "<group>";
			versionGroupType = wrapper.xcdatamodel;
		};
/* End XCVersionGroup section */
	};
	rootObject = 84214F282C80174400DCEDBD /* Project object */;
}
